
Microsoft Visual Studio Solution File, Format Version 12.00
# Visual Studio Version 17
VisualStudioVersion = 17.11.35219.272
MinimumVisualStudioVersion = 10.0.40219.1
Project("{FAE04EC0-301F-11D3-BF4B-00C04F79EFBC}") = "BulkyWeb", "BulkyWeb\BulkyWeb.csproj", "{D14B60FA-C38D-4645-97B8-A40BE8468778}"
EndProject
Global
	GlobalSection(SolutionConfigurationPlatforms) = preSolution
		Debug|Any CPU = Debug|Any CPU
		Release|Any CPU = Release|Any CPU
	EndGlobalSection
	GlobalSection(ProjectConfigurationPlatforms) = postSolution
		{D14B60FA-C38D-4645-97B8-A40BE8468778}.Debug|Any CPU.ActiveCfg = Debug|Any CPU
		{D14B60FA-C38D-4645-97B8-A40BE8468778}.Debug|Any CPU.Build.0 = Debug|Any CPU
		{D14B60FA-C38D-4645-97B8-A40BE8468778}.Release|Any CPU.ActiveCfg = Release|Any CPU
		{D14B60FA-C38D-4645-97B8-A40BE8468778}.Release|Any CPU.Build.0 = Release|Any CPU
	EndGlobalSection
	GlobalSection(SolutionProperties) = preSolution
		HideSolutionNode = FALSE
	EndGlobalSection
	GlobalSection(ExtensibilityGlobals) = postSolution
		SolutionGuid = {B4F35701-C8C4-48CC-B217-E47B374C7842}
	EndGlobalSection
EndGlobal
